{
  "name": "inet.ipaddr",
  "version": "0.0.1",
  "lockfileVersion": 1,
  "requires": true,
  "dependencies": {
    "@types/node": {
      "version": "9.4.0",
      "resolved": "https://registry.npmjs.org/@types/node/-/node-9.4.0.tgz",
      "integrity": "sha512-zkYho6/4wZyX6o9UQ8rd0ReEaiEYNNCqYFIAACe2Tf9DrYlgzWW27OigYHnnztnnZQwVRpwWmZKegFmDpinIsA==",
      "dev": true
    },
    "open": {
      "version": "0.0.5",
      "resolved": "https://registry.npmjs.org/open/-/open-0.0.5.tgz",
      "integrity": "sha1-QsPhjslUZra/DcQvOilFw/DK2Pw="
    }
  }
}
